
Microsoft Visual Studio Solution File, Format Version 12.00
# Visual Studio Version 17
VisualStudioVersion = 17.4.33205.214
MinimumVisualStudioVersion = 10.0.40219.1
Project("{9A19103F-16F7-4668-BE54-9A1E7A4F7556}") = "AriaLibrary", "AriaLibrary\AriaLibrary.csproj", "{8599898E-6170-43EA-8718-504D17FB6147}"
EndProject
Project("{9A19103F-16F7-4668-BE54-9A1E7A4F7556}") = "KPacker", "KPacker\KPacker.csproj", "{1116226A-1084-4A61-B489-E1955918599F}"
EndProject
Project("{2150E333-8FDC-42A3-9474-1A3956D46DE8}") = "Solution Items", "Solution Items", "{4E3C2249-7047-40A5-8062-4BD6037FE895}"
	ProjectSection(SolutionItems) = preProject
		.gitignore = .gitignore
		README.md = README.md
	EndProjectSection
EndProject
Project("{9A19103F-16F7-4668-BE54-9A1E7A4F7556}") = "IAModelEditor", "IAModelEditor\IAModelEditor.csproj", "{DFAD4E44-D682-4828-B9AA-3CF4F6F3CE0F}"
EndProject
Global
	GlobalSection(SolutionConfigurationPlatforms) = preSolution
		Debug|Any CPU = Debug|Any CPU
		Release|Any CPU = Release|Any CPU
	EndGlobalSection
	GlobalSection(ProjectConfigurationPlatforms) = postSolution
		{8599898E-6170-43EA-8718-504D17FB6147}.Debug|Any CPU.ActiveCfg = Debug|Any CPU
		{8599898E-6170-43EA-8718-504D17FB6147}.Debug|Any CPU.Build.0 = Debug|Any CPU
		{8599898E-6170-43EA-8718-504D17FB6147}.Release|Any CPU.ActiveCfg = Release|Any CPU
		{8599898E-6170-43EA-8718-504D17FB6147}.Release|Any CPU.Build.0 = Release|Any CPU
		{1116226A-1084-4A61-B489-E1955918599F}.Debug|Any CPU.ActiveCfg = Debug|Any CPU
		{1116226A-1084-4A61-B489-E1955918599F}.Debug|Any CPU.Build.0 = Debug|Any CPU
		{1116226A-1084-4A61-B489-E1955918599F}.Release|Any CPU.ActiveCfg = Release|Any CPU
		{1116226A-1084-4A61-B489-E1955918599F}.Release|Any CPU.Build.0 = Release|Any CPU
		{DFAD4E44-D682-4828-B9AA-3CF4F6F3CE0F}.Debug|Any CPU.ActiveCfg = Debug|Any CPU
		{DFAD4E44-D682-4828-B9AA-3CF4F6F3CE0F}.Debug|Any CPU.Build.0 = Debug|Any CPU
		{DFAD4E44-D682-4828-B9AA-3CF4F6F3CE0F}.Release|Any CPU.ActiveCfg = Release|Any CPU
		{DFAD4E44-D682-4828-B9AA-3CF4F6F3CE0F}.Release|Any CPU.Build.0 = Release|Any CPU
	EndGlobalSection
	GlobalSection(SolutionProperties) = preSolution
		HideSolutionNode = FALSE
	EndGlobalSection
	GlobalSection(ExtensibilityGlobals) = postSolution
		SolutionGuid = {7C31B09F-957B-4BE9-A746-6718A5FD28B1}
	EndGlobalSection
EndGlobal
